
Microsoft Visual Studio Solution File, Format Version 12.00
# Visual Studio Version 17
VisualStudioVersion = 17.3.32721.290
MinimumVisualStudioVersion = 10.0.40219.1
Project("{9A19103F-16F7-4668-BE54-9A1E7A4F7556}") = "ListForm.BlazorWasm", "ListForm.BlazorWasm\ListForm.BlazorWasm.csproj", "{734F8EF4-B2D0-4EB0-B62F-E92DAE952381}"
EndProject
Project("{9A19103F-16F7-4668-BE54-9A1E7A4F7556}") = "ListForm.Shared", "ListForm.Shared\ListForm.Shared.csproj", "{CFBE9AFA-6961-402E-B5AA-1F82C90BD535}"
EndProject
Project("{9A19103F-16F7-4668-BE54-9A1E7A4F7556}") = "ListForm.Maui", "ListForm.Maui\ListForm.Maui.csproj", "{20CBE66B-2398-4284-87D3-A5BA9D7FCA01}"
EndProject
Project("{FAE04EC0-301F-11D3-BF4B-00C04F79EFBC}") = "ListForm.Api", "ListForm.Api\ListForm.Api.csproj", "{DA1EFCA5-22D3-43BC-9983-36506ED9B023}"
EndProject
Global
	GlobalSection(SolutionConfigurationPlatforms) = preSolution
		Debug|Any CPU = Debug|Any CPU
		Release|Any CPU = Release|Any CPU
	EndGlobalSection
	GlobalSection(ProjectConfigurationPlatforms) = postSolution
		{734F8EF4-B2D0-4EB0-B62F-E92DAE952381}.Debug|Any CPU.ActiveCfg = Debug|Any CPU
		{734F8EF4-B2D0-4EB0-B62F-E92DAE952381}.Debug|Any CPU.Build.0 = Debug|Any CPU
		{734F8EF4-B2D0-4EB0-B62F-E92DAE952381}.Release|Any CPU.ActiveCfg = Debug|Any CPU
		{734F8EF4-B2D0-4EB0-B62F-E92DAE952381}.Release|Any CPU.Build.0 = Debug|Any CPU
		{CFBE9AFA-6961-402E-B5AA-1F82C90BD535}.Debug|Any CPU.ActiveCfg = Debug|Any CPU
		{CFBE9AFA-6961-402E-B5AA-1F82C90BD535}.Debug|Any CPU.Build.0 = Debug|Any CPU
		{CFBE9AFA-6961-402E-B5AA-1F82C90BD535}.Release|Any CPU.ActiveCfg = Debug|Any CPU
		{CFBE9AFA-6961-402E-B5AA-1F82C90BD535}.Release|Any CPU.Build.0 = Debug|Any CPU
		{20CBE66B-2398-4284-87D3-A5BA9D7FCA01}.Debug|Any CPU.ActiveCfg = Debug|Any CPU
		{20CBE66B-2398-4284-87D3-A5BA9D7FCA01}.Debug|Any CPU.Build.0 = Debug|Any CPU
		{20CBE66B-2398-4284-87D3-A5BA9D7FCA01}.Debug|Any CPU.Deploy.0 = Debug|Any CPU
		{20CBE66B-2398-4284-87D3-A5BA9D7FCA01}.Release|Any CPU.ActiveCfg = Release|Any CPU
		{20CBE66B-2398-4284-87D3-A5BA9D7FCA01}.Release|Any CPU.Build.0 = Release|Any CPU
		{20CBE66B-2398-4284-87D3-A5BA9D7FCA01}.Release|Any CPU.Deploy.0 = Release|Any CPU
		{DA1EFCA5-22D3-43BC-9983-36506ED9B023}.Debug|Any CPU.ActiveCfg = Debug|Any CPU
		{DA1EFCA5-22D3-43BC-9983-36506ED9B023}.Debug|Any CPU.Build.0 = Debug|Any CPU
		{DA1EFCA5-22D3-43BC-9983-36506ED9B023}.Release|Any CPU.ActiveCfg = Release|Any CPU
		{DA1EFCA5-22D3-43BC-9983-36506ED9B023}.Release|Any CPU.Build.0 = Release|Any CPU
	EndGlobalSection
	GlobalSection(SolutionProperties) = preSolution
		HideSolutionNode = FALSE
	EndGlobalSection
	GlobalSection(ExtensibilityGlobals) = postSolution
		SolutionGuid = {F0A6C032-DACE-4005-A3ED-B40781F0265B}
	EndGlobalSection
EndGlobal
